
Microsoft Visual Studio Solution File, Format Version 12.00
# Visual Studio Version 16
VisualStudioVersion = 16.0.33801.447
MinimumVisualStudioVersion = 10.0.40219.1
Project("{FAE04EC0-301F-11D3-BF4B-00C04F79EFBC}") = "EasyRestoreMySQLDatabase", "EasyRestoreMySQLDatabase\EasyRestoreMySQLDatabase.csproj", "{D303BFF0-3D64-44AC-B177-8562557AFA81}"
EndProject
Global
	GlobalSection(SolutionConfigurationPlatforms) = preSolution
		Debug|Any CPU = Debug|Any CPU
		Release|Any CPU = Release|Any CPU
	EndGlobalSection
	GlobalSection(ProjectConfigurationPlatforms) = postSolution
		{D303BFF0-3D64-44AC-B177-8562557AFA81}.Debug|Any CPU.ActiveCfg = Debug|Any CPU
		{D303BFF0-3D64-44AC-B177-8562557AFA81}.Debug|Any CPU.Build.0 = Debug|Any CPU
		{D303BFF0-3D64-44AC-B177-8562557AFA81}.Release|Any CPU.ActiveCfg = Release|Any CPU
		{D303BFF0-3D64-44AC-B177-8562557AFA81}.Release|Any CPU.Build.0 = Release|Any CPU
	EndGlobalSection
	GlobalSection(SolutionProperties) = preSolution
		HideSolutionNode = FALSE
	EndGlobalSection
	GlobalSection(ExtensibilityGlobals) = postSolution
		SolutionGuid = {F7067A8D-8858-4942-A9E4-1506E1A9BBB6}
	EndGlobalSection
EndGlobal
